// !$*UTF8*$!
{
	archiveVersion = 1;
	classes = {
	};
	objectVersion = 55;
	objects = {

/* Begin PBXBuildFile section */
		F3C1AFC527335F1400F113EE /* Tests_iOS.swift in Sources */ = {isa = PBXBuildFile; fileRef = F3C1AFC427335F1400F113EE /* Tests_iOS.swift */; };
		F3C1AFC727335F1400F113EE /* Tests_iOSLaunchTests.swift in Sources */ = {isa = PBXBuildFile; fileRef = F3C1AFC627335F1400F113EE /* Tests_iOSLaunchTests.swift */; };
		F3C1AFD127335F1400F113EE /* Tests_macOS.swift in Sources */ = {isa = PBXBuildFile; fileRef = F3C1AFD027335F1400F113EE /* Tests_macOS.swift */; };
		F3C1AFD327335F1400F113EE /* Tests_macOSLaunchTests.swift in Sources */ = {isa = PBXBuildFile; fileRef = F3C1AFD227335F1400F113EE /* Tests_macOSLaunchTests.swift */; };
		F3C1AFD427335F1400F113EE /* NoiseCancellationApp.swift in Sources */ = {isa = PBXBuildFile; fileRef = F3C1AFAC27335F1300F113EE /* NoiseCancellationApp.swift */; };
		F3C1AFD527335F1400F113EE /* NoiseCancellationApp.swift in Sources */ = {isa = PBXBuildFile; fileRef = F3C1AFAC27335F1300F113EE /* NoiseCancellationApp.swift */; };
		F3C1AFD627335F1400F113EE /* ContentView.swift in Sources */ = {isa = PBXBuildFile; fileRef = F3C1AFAD27335F1300F113EE /* ContentView.swift */; };
		F3C1AFD727335F1400F113EE /* ContentView.swift in Sources */ = {isa = PBXBuildFile; fileRef = F3C1AFAD27335F1300F113EE /* ContentView.swift */; };
		F3C1AFD827335F1400F113EE /* Assets.xcassets in Resources */ = {isa = PBXBuildFile; fileRef = F3C1AFAE27335F1400F113EE /* Assets.xcassets */; };
		F3C1AFD927335F1400F113EE /* Assets.xcassets in Resources */ = {isa = PBXBuildFile; fileRef = F3C1AFAE27335F1400F113EE /* Assets.xcassets */; };
/* End PBXBuildFile section */

/* Begin PBXContainerItemProxy section */
		F3C1AFC127335F1400F113EE /* PBXContainerItemProxy */ = {
			isa = PBXContainerItemProxy;
			containerPortal = F3C1AFA727335F1300F113EE /* Project object */;
			proxyType = 1;
			remoteGlobalIDString = F3C1AFB227335F1400F113EE;
			remoteInfo = "NoiseCancellation (iOS)";
		};
		F3C1AFCD27335F1400F113EE /* PBXContainerItemProxy */ = {
			isa = PBXContainerItemProxy;
			containerPortal = F3C1AFA727335F1300F113EE /* Project object */;
			proxyType = 1;
			remoteGlobalIDString = F3C1AFB827335F1400F113EE;
			remoteInfo = "NoiseCancellation (macOS)";
		};
/* End PBXContainerItemProxy section */

/* Begin PBXFileReference section */
		F3C1AFAC27335F1300F113EE /* NoiseCancellationApp.swift */ = {isa = PBXFileReference; lastKnownFileType = sourcecode.swift; path = NoiseCancellationApp.swift; sourceTree = "<group>"; };
		F3C1AFAD27335F1300F113EE /* ContentView.swift */ = {isa = PBXFileReference; lastKnownFileType = sourcecode.swift; path = ContentView.swift; sourceTree = "<group>"; };
		F3C1AFAE27335F1400F113EE /* Assets.xcassets */ = {isa = PBXFileReference; lastKnownFileType = folder.assetcatalog; path = Assets.xcassets; sourceTree = "<group>"; };
		F3C1AFB327335F1400F113EE /* NoiseCancellation.app */ = {isa = PBXFileReference; explicitFileType = wrapper.application; includeInIndex = 0; path = NoiseCancellation.app; sourceTree = BUILT_PRODUCTS_DIR; };
		F3C1AFB927335F1400F113EE /* NoiseCancellation.app */ = {isa = PBXFileReference; explicitFileType = wrapper.application; includeInIndex = 0; path = NoiseCancellation.app; sourceTree = BUILT_PRODUCTS_DIR; };
		F3C1AFBB27335F1400F113EE /* macOS.entitlements */ = {isa = PBXFileReference; lastKnownFileType = text.plist.entitlements; path = macOS.entitlements; sourceTree = "<group>"; };
		F3C1AFC027335F1400F113EE /* Tests iOS.xctest */ = {isa = PBXFileReference; explicitFileType = wrapper.cfbundle; includeInIndex = 0; path = "Tests iOS.xctest"; sourceTree = BUILT_PRODUCTS_DIR; };
		F3C1AFC427335F1400F113EE /* Tests_iOS.swift */ = {isa = PBXFileReference; lastKnownFileType = sourcecode.swift; path = Tests_iOS.swift; sourceTree = "<group>"; };
		F3C1AFC627335F1400F113EE /* Tests_iOSLaunchTests.swift */ = {isa = PBXFileReference; lastKnownFileType = sourcecode.swift; path = Tests_iOSLaunchTests.swift; sourceTree = "<group>"; };
		F3C1AFCC27335F1400F113EE /* Tests macOS.xctest */ = {isa = PBXFileReference; explicitFileType = wrapper.cfbundle; includeInIndex = 0; path = "Tests macOS.xctest"; sourceTree = BUILT_PRODUCTS_DIR; };
		F3C1AFD027335F1400F113EE /* Tests_macOS.swift */ = {isa = PBXFileReference; lastKnownFileType = sourcecode.swift; path = Tests_macOS.swift; sourceTree = "<group>"; };
		F3C1AFD227335F1400F113EE /* Tests_macOSLaunchTests.swift */ = {isa = PBXFileReference; lastKnownFileType = sourcecode.swift; path = Tests_macOSLaunchTests.swift; sourceTree = "<group>"; };
/* End PBXFileReference section */

/* Begin PBXFrameworksBuildPhase section */
		F3C1AFB027335F1400F113EE /* Frameworks */ = {
			isa = PBXFrameworksBuildPhase;
			buildActionMask = 2147483647;
			files = (
			);
			runOnlyForDeploymentPostprocessing = 0;
		};
		F3C1AFB627335F1400F113EE /* Frameworks */ = {
			isa = PBXFrameworksBuildPhase;
			buildActionMask = 2147483647;
			files = (
			);
			runOnlyForDeploymentPostprocessing = 0;
		};
		F3C1AFBD27335F1400F113EE /* Frameworks */ = {
			isa = PBXFrameworksBuildPhase;
			buildActionMask = 2147483647;
			files = (
			);
			runOnlyForDeploymentPostprocessing = 0;
		};
		F3C1AFC927335F1400F113EE /* Frameworks */ = {
			isa = PBXFrameworksBuildPhase;
			buildActionMask = 2147483647;
			files = (
			);
			runOnlyForDeploymentPostprocessing = 0;
		};
/* End PBXFrameworksBuildPhase section */

/* Begin PBXGroup section */
		F3C1AFA627335F1300F113EE = {
			isa = PBXGroup;
			children = (
				F3C1AFAB27335F1300F113EE /* Shared */,
				F3C1AFBA27335F1400F113EE /* macOS */,
				F3C1AFC327335F1400F113EE /* Tests iOS */,
				F3C1AFCF27335F1400F113EE /* Tests macOS */,
				F3C1AFB427335F1400F113EE /* Products */,
			);
			sourceTree = "<group>";
		};
		F3C1AFAB27335F1300F113EE /* Shared */ = {
			isa = PBXGroup;
			children = (
				F3C1AFAC27335F1300F113EE /* NoiseCancellationApp.swift */,
				F3C1AFAD27335F1300F113EE /* ContentView.swift */,
				F3C1AFAE27335F1400F113EE /* Assets.xcassets */,
			);
			path = Shared;
			sourceTree = "<group>";
		};
		F3C1AFB427335F1400F113EE /* Products */ = {
			isa = PBXGroup;
			children = (
				F3C1AFB327335F1400F113EE /* NoiseCancellation.app */,
				F3C1AFB927335F1400F113EE /* NoiseCancellation.app */,
				F3C1AFC027335F1400F113EE /* Tests iOS.xctest */,
				F3C1AFCC27335F1400F113EE /* Tests macOS.xctest */,
			);
			name = Products;
			sourceTree = "<group>";
		};
		F3C1AFBA27335F1400F113EE /* macOS */ = {
			isa = PBXGroup;
			children = (
				F3C1AFBB27335F1400F113EE /* macOS.entitlements */,
			);
			path = macOS;
			sourceTree = "<group>";
		};
		F3C1AFC327335F1400F113EE /* Tests iOS */ = {
			isa = PBXGroup;
			children = (
				F3C1AFC427335F1400F113EE /* Tests_iOS.swift */,
				F3C1AFC627335F1400F113EE /* Tests_iOSLaunchTests.swift */,
			);
			path = "Tests iOS";
			sourceTree = "<group>";
		};
		F3C1AFCF27335F1400F113EE /* Tests macOS */ = {
			isa = PBXGroup;
			children = (
				F3C1AFD027335F1400F113EE /* Tests_macOS.swift */,
				F3C1AFD227335F1400F113EE /* Tests_macOSLaunchTests.swift */,
			);
			path = "Tests macOS";
			sourceTree = "<group>";
		};
/* End PBXGroup section */

/* Begin PBXNativeTarget section */
		F3C1AFB227335F1400F113EE /* NoiseCancellation (iOS) */ = {
			isa = PBXNativeTarget;
			buildConfigurationList = F3C1AFDC27335F1400F113EE /* Build configuration list for PBXNativeTarget "NoiseCancellation (iOS)" */;
			buildPhases = (
				F3C1AFAF27335F1400F113EE /* Sources */,
				F3C1AFB027335F1400F113EE /* Frameworks */,
				F3C1AFB127335F1400F113EE /* Resources */,
			);
			buildRules = (
			);
			dependencies = (
			);
			name = "NoiseCancellation (iOS)";
			productName = "NoiseCancellation (iOS)";
			productReference = F3C1AFB327335F1400F113EE /* NoiseCancellation.app */;
			productType = "com.apple.product-type.application";
		};
		F3C1AFB827335F1400F113EE /* NoiseCancellation (macOS) */ = {
			isa = PBXNativeTarget;
			buildConfigurationList = F3C1AFDF27335F1400F113EE /* Build configuration list for PBXNativeTarget "NoiseCancellation (macOS)" */;
			buildPhases = (
				F3C1AFB527335F1400F113EE /* Sources */,
				F3C1AFB627335F1400F113EE /* Frameworks */,
				F3C1AFB727335F1400F113EE /* Resources */,
			);
			buildRules = (
			);
			dependencies = (
			);
			name = "NoiseCancellation (macOS)";
			productName = "NoiseCancellation (macOS)";
			productReference = F3C1AFB927335F1400F113EE /* NoiseCancellation.app */;
			productType = "com.apple.product-type.application";
		};
		F3C1AFBF27335F1400F113EE /* Tests iOS */ = {
			isa = PBXNativeTarget;
			buildConfigurationList = F3C1AFE227335F1400F113EE /* Build configuration list for PBXNativeTarget "Tests iOS" */;
			buildPhases = (
				F3C1AFBC27335F1400F113EE /* Sources */,
				F3C1AFBD27335F1400F113EE /* Frameworks */,
				F3C1AFBE27335F1400F113EE /* Resources */,
			);
			buildRules = (
			);
			dependencies = (
				F3C1AFC227335F1400F113EE /* PBXTargetDependency */,
			);
			name = "Tests iOS";
			productName = "Tests iOS";
			productReference = F3C1AFC027335F1400F113EE /* Tests iOS.xctest */;
			productType = "com.apple.product-type.bundle.ui-testing";
		};
		F3C1AFCB27335F1400F113EE /* Tests macOS */ = {
			isa = PBXNativeTarget;
			buildConfigurationList = F3C1AFE527335F1400F113EE /* Build configuration list for PBXNativeTarget "Tests macOS" */;
			buildPhases = (
				F3C1AFC827335F1400F113EE /* Sources */,
				F3C1AFC927335F1400F113EE /* Frameworks */,
				F3C1AFCA27335F1400F113EE /* Resources */,
			);
			buildRules = (
			);
			dependencies = (
				F3C1AFCE27335F1400F113EE /* PBXTargetDependency */,
			);
			name = "Tests macOS";
			productName = "Tests macOS";
			productReference = F3C1AFCC27335F1400F113EE /* Tests macOS.xctest */;
			productType = "com.apple.product-type.bundle.ui-testing";
		};
/* End PBXNativeTarget section */

/* Begin PBXProject section */
		F3C1AFA727335F1300F113EE /* Project object */ = {
			isa = PBXProject;
			attributes = {
				BuildIndependentTargetsInParallel = 1;
				LastSwiftUpdateCheck = 1310;
				LastUpgradeCheck = 1310;
				TargetAttributes = {
					F3C1AFB227335F1400F113EE = {
						CreatedOnToolsVersion = 13.1;
					};
					F3C1AFB827335F1400F113EE = {
						CreatedOnToolsVersion = 13.1;
					};
					F3C1AFBF27335F1400F113EE = {
						CreatedOnToolsVersion = 13.1;
						TestTargetID = F3C1AFB227335F1400F113EE;
					};
					F3C1AFCB27335F1400F113EE = {
						CreatedOnToolsVersion = 13.1;
						TestTargetID = F3C1AFB827335F1400F113EE;
					};
				};
			};
			buildConfigurationList = F3C1AFAA27335F1300F113EE /* Build configuration list for PBXProject "NoiseCancellation" */;
			compatibilityVersion = "Xcode 13.0";
			developmentRegion = en;
			hasScannedForEncodings = 0;
			knownRegions = (
				en,
				Base,
			);
			mainGroup = F3C1AFA627335F1300F113EE;
			productRefGroup = F3C1AFB427335F1400F113EE /* Products */;
			projectDirPath = "";
			projectRoot = "";
			targets = (
				F3C1AFB227335F1400F113EE /* NoiseCancellation (iOS) */,
				F3C1AFB827335F1400F113EE /* NoiseCancellation (macOS) */,
				F3C1AFBF27335F1400F113EE /* Tests iOS */,
				F3C1AFCB27335F1400F113EE /* Tests macOS */,
			);
		};
/* End PBXProject section */

/* Begin PBXResourcesBuildPhase section */
		F3C1AFB127335F1400F113EE /* Resources */ = {
			isa = PBXResourcesBuildPhase;
			buildActionMask = 2147483647;
			files = (
				F3C1AFD827335F1400F113EE /* Assets.xcassets in Resources */,
			);
			runOnlyForDeploymentPostprocessing = 0;
		};
		F3C1AFB727335F1400F113EE /* Resources */ = {
			isa = PBXResourcesBuildPhase;
			buildActionMask = 2147483647;
			files = (
				F3C1AFD927335F1400F113EE /* Assets.xcassets in Resources */,
			);
			runOnlyForDeploymentPostprocessing = 0;
		};
		F3C1AFBE27335F1400F113EE /* Resources */ = {
			isa = PBXResourcesBuildPhase;
			buildActionMask = 2147483647;
			files = (
			);
			runOnlyForDeploymentPostprocessing = 0;
		};
		F3C1AFCA27335F1400F113EE /* Resources */ = {
			isa = PBXResourcesBuildPhase;
			buildActionMask = 2147483647;
			files = (
			);
			runOnlyForDeploymentPostprocessing = 0;
		};
/* End PBXResourcesBuildPhase section */

/* Begin PBXSourcesBuildPhase section */
		F3C1AFAF27335F1400F113EE /* Sources */ = {
			isa = PBXSourcesBuildPhase;
			buildActionMask = 2147483647;
			files = (
				F3C1AFD627335F1400F113EE /* ContentView.swift in Sources */,
				F3C1AFD427335F1400F113EE /* NoiseCancellationApp.swift in Sources */,
			);
			runOnlyForDeploymentPostprocessing = 0;
		};
		F3C1AFB527335F1400F113EE /* Sources */ = {
			isa = PBXSourcesBuildPhase;
			buildActionMask = 2147483647;
			files = (
				F3C1AFD727335F1400F113EE /* ContentView.swift in Sources */,
				F3C1AFD527335F1400F113EE /* NoiseCancellationApp.swift in Sources */,
			);
			runOnlyForDeploymentPostprocessing = 0;
		};
		F3C1AFBC27335F1400F113EE /* Sources */ = {
			isa = PBXSourcesBuildPhase;
			buildActionMask = 2147483647;
			files = (
				F3C1AFC727335F1400F113EE /* Tests_iOSLaunchTests.swift in Sources */,
				F3C1AFC527335F1400F113EE /* Tests_iOS.swift in Sources */,
			);
			runOnlyForDeploymentPostprocessing = 0;
		};
		F3C1AFC827335F1400F113EE /* Sources */ = {
			isa = PBXSourcesBuildPhase;
			buildActionMask = 2147483647;
			files = (
				F3C1AFD327335F1400F113EE /* Tests_macOSLaunchTests.swift in Sources */,
				F3C1AFD127335F1400F113EE /* Tests_macOS.swift in Sources */,
			);
			runOnlyForDeploymentPostprocessing = 0;
		};
/* End PBXSourcesBuildPhase section */

/* Begin PBXTargetDependency section */
		F3C1AFC227335F1400F113EE /* PBXTargetDependency */ = {
			isa = PBXTargetDependency;
			target = F3C1AFB227335F1400F113EE /* NoiseCancellation (iOS) */;
			targetProxy = F3C1AFC127335F1400F113EE /* PBXContainerItemProxy */;
		};
		F3C1AFCE27335F1400F113EE /* PBXTargetDependency */ = {
			isa = PBXTargetDependency;
			target = F3C1AFB827335F1400F113EE /* NoiseCancellation (macOS) */;
			targetProxy = F3C1AFCD27335F1400F113EE /* PBXContainerItemProxy */;
		};
/* End PBXTargetDependency section */

/* Begin XCBuildConfiguration section */
		F3C1AFDA27335F1400F113EE /* Debug */ = {
			isa = XCBuildConfiguration;
			buildSettings = {
				ALWAYS_SEARCH_USER_PATHS = NO;
				CLANG_ANALYZER_NONNULL = YES;
				CLANG_ANALYZER_NUMBER_OBJECT_CONVERSION = YES_AGGRESSIVE;
				CLANG_CXX_LANGUAGE_STANDARD = "gnu++17";
				CLANG_CXX_LIBRARY = "libc++";
				CLANG_ENABLE_MODULES = YES;
				CLANG_ENABLE_OBJC_ARC = YES;
				CLANG_ENABLE_OBJC_WEAK = YES;
				CLANG_WARN_BLOCK_CAPTURE_AUTORELEASING = YES;
				CLANG_WARN_BOOL_CONVERSION = YES;
				CLANG_WARN_COMMA = YES;
				CLANG_WARN_CONSTANT_CONVERSION = YES;
				CLANG_WARN_DEPRECATED_OBJC_IMPLEMENTATIONS = YES;
				CLANG_WARN_DIRECT_OBJC_ISA_USAGE = YES_ERROR;
				CLANG_WARN_DOCUMENTATION_COMMENTS = YES;
				CLANG_WARN_EMPTY_BODY = YES;
				CLANG_WARN_ENUM_CONVERSION = YES;
				CLANG_WARN_INFINITE_RECURSION = YES;
				CLANG_WARN_INT_CONVERSION = YES;
				CLANG_WARN_NON_LITERAL_NULL_CONVERSION = YES;
				CLANG_WARN_OBJC_IMPLICIT_RETAIN_SELF = YES;
				CLANG_WARN_OBJC_LITERAL_CONVERSION = YES;
				CLANG_WARN_OBJC_ROOT_CLASS = YES_ERROR;
				CLANG_WARN_QUOTED_INCLUDE_IN_FRAMEWORK_HEADER = YES;
				CLANG_WARN_RANGE_LOOP_ANALYSIS = YES;
				CLANG_WARN_STRICT_PROTOTYPES = YES;
				CLANG_WARN_SUSPICIOUS_MOVE = YES;
				CLANG_WARN_UNGUARDED_AVAILABILITY = YES_AGGRESSIVE;
				CLANG_WARN_UNREACHABLE_CODE = YES;
				CLANG_WARN__DUPLICATE_METHOD_MATCH = YES;
				COPY_PHASE_STRIP = NO;
				DEBUG_INFORMATION_FORMAT = dwarf;
				ENABLE_STRICT_OBJC_MSGSEND = YES;
				ENABLE_TESTABILITY = YES;
				GCC_C_LANGUAGE_STANDARD = gnu11;
				GCC_DYNAMIC_NO_PIC = NO;
				GCC_NO_COMMON_BLOCKS = YES;
				GCC_OPTIMIZATION_LEVEL = 0;
				GCC_PREPROCESSOR_DEFINITIONS = (
					"DEBUG=1",
					"$(inherited)",
				);
				GCC_WARN_64_TO_32_BIT_CONVERSION = YES;
				GCC_WARN_ABOUT_RETURN_TYPE = YES_ERROR;
				GCC_WARN_UNDECLARED_SELECTOR = YES;
				GCC_WARN_UNINITIALIZED_AUTOS = YES_AGGRESSIVE;
				GCC_WARN_UNUSED_FUNCTION = YES;
				GCC_WARN_UNUSED_VARIABLE = YES;
				MTL_ENABLE_DEBUG_INFO = INCLUDE_SOURCE;
				MTL_FAST_MATH = YES;
				ONLY_ACTIVE_ARCH = YES;
				SWIFT_ACTIVE_COMPILATION_CONDITIONS = DEBUG;
				SWIFT_OPTIMIZATION_LEVEL = "-Onone";
			};
			name = Debug;
		};
		F3C1AFDB27335F1400F113EE /* Release */ = {
			isa = XCBuildConfiguration;
			buildSettings = {
				ALWAYS_SEARCH_USER_PATHS = NO;
				CLANG_ANALYZER_NONNULL = YES;
				CLANG_ANALYZER_NUMBER_OBJECT_CONVERSION = YES_AGGRESSIVE;
				CLANG_CXX_LANGUAGE_STANDARD = "gnu++17";
				CLANG_CXX_LIBRARY = "libc++";
				CLANG_ENABLE_MODULES = YES;
				CLANG_ENABLE_OBJC_ARC = YES;
				CLANG_ENABLE_OBJC_WEAK = YES;
				CLANG_WARN_BLOCK_CAPTURE_AUTORELEASING = YES;
				CLANG_WARN_BOOL_CONVERSION = YES;
				CLANG_WARN_COMMA = YES;
				CLANG_WARN_CONSTANT_CONVERSION = YES;
				CLANG_WARN_DEPRECATED_OBJC_IMPLEMENTATIONS = YES;
				CLANG_WARN_DIRECT_OBJC_ISA_USAGE = YES_ERROR;
				CLANG_WARN_DOCUMENTATION_COMMENTS = YES;
				CLANG_WARN_EMPTY_BODY = YES;
				CLANG_WARN_ENUM_CONVERSION = YES;
				CLANG_WARN_INFINITE_RECURSION = YES;
				CLANG_WARN_INT_CONVERSION = YES;
				CLANG_WARN_NON_LITERAL_NULL_CONVERSION = YES;
				CLANG_WARN_OBJC_IMPLICIT_RETAIN_SELF = YES;
				CLANG_WARN_OBJC_LITERAL_CONVERSION = YES;
				CLANG_WARN_OBJC_ROOT_CLASS = YES_ERROR;
				CLANG_WARN_QUOTED_INCLUDE_IN_FRAMEWORK_HEADER = YES;
				CLANG_WARN_RANGE_LOOP_ANALYSIS = YES;
				CLANG_WARN_STRICT_PROTOTYPES = YES;
				CLANG_WARN_SUSPICIOUS_MOVE = YES;
				CLANG_WARN_UNGUARDED_AVAILABILITY = YES_AGGRESSIVE;
				CLANG_WARN_UNREACHABLE_CODE = YES;
				CLANG_WARN__DUPLICATE_METHOD_MATCH = YES;
				COPY_PHASE_STRIP = NO;
				DEBUG_INFORMATION_FORMAT = "dwarf-with-dsym";
				ENABLE_NS_ASSERTIONS = NO;
				ENABLE_STRICT_OBJC_MSGSEND = YES;
				GCC_C_LANGUAGE_STANDARD = gnu11;
				GCC_NO_COMMON_BLOCKS = YES;
				GCC_WARN_64_TO_32_BIT_CONVERSION = YES;
				GCC_WARN_ABOUT_RETURN_TYPE = YES_ERROR;
				GCC_WARN_UNDECLARED_SELECTOR = YES;
				GCC_WARN_UNINITIALIZED_AUTOS = YES_AGGRESSIVE;
				GCC_WARN_UNUSED_FUNCTION = YES;
				GCC_WARN_UNUSED_VARIABLE = YES;
				MTL_ENABLE_DEBUG_INFO = NO;
				MTL_FAST_MATH = YES;
				SWIFT_COMPILATION_MODE = wholemodule;
				SWIFT_OPTIMIZATION_LEVEL = "-O";
			};
			name = Release;
		};
		F3C1AFDD27335F1400F113EE /* Debug */ = {
			isa = XCBuildConfiguration;
			buildSettings = {
				ASSETCATALOG_COMPILER_APPICON_NAME = AppIcon;
				ASSETCATALOG_COMPILER_GLOBAL_ACCENT_COLOR_NAME = AccentColor;
				CODE_SIGN_STYLE = Automatic;
				CURRENT_PROJECT_VERSION = 1;
				DEVELOPMENT_TEAM = KQ8J5D3R22;
				ENABLE_PREVIEWS = YES;
				GENERATE_INFOPLIST_FILE = YES;
				INFOPLIST_KEY_UIApplicationSceneManifest_Generation = YES;
				INFOPLIST_KEY_UIApplicationSupportsIndirectInputEvents = YES;
				INFOPLIST_KEY_UILaunchScreen_Generation = YES;
				INFOPLIST_KEY_UISupportedInterfaceOrientations_iPad = "UIInterfaceOrientationPortrait UIInterfaceOrientationPortraitUpsideDown UIInterfaceOrientationLandscapeLeft UIInterfaceOrientationLandscapeRight";
				INFOPLIST_KEY_UISupportedInterfaceOrientations_iPhone = "UIInterfaceOrientationPortrait UIInterfaceOrientationLandscapeLeft UIInterfaceOrientationLandscapeRight";
				IPHONEOS_DEPLOYMENT_TARGET = 15.0;
				LD_RUNPATH_SEARCH_PATHS = (
					"$(inherited)",
					"@executable_path/Frameworks",
				);
				MARKETING_VERSION = 1.0;
				PRODUCT_BUNDLE_IDENTIFIER = com.gregoryw3.NoiseCancellation;
				PRODUCT_NAME = NoiseCancellation;
				SDKROOT = iphoneos;
				SWIFT_EMIT_LOC_STRINGS = YES;
				SWIFT_VERSION = 5.0;
				TARGETED_DEVICE_FAMILY = "1,2";
			};
			name = Debug;
		};
		F3C1AFDE27335F1400F113EE /* Release */ = {
			isa = XCBuildConfiguration;
			buildSettings = {
				ASSETCATALOG_COMPILER_APPICON_NAME = AppIcon;
				ASSETCATALOG_COMPILER_GLOBAL_ACCENT_COLOR_NAME = AccentColor;
				CODE_SIGN_STYLE = Automatic;
				CURRENT_PROJECT_VERSION = 1;
				DEVELOPMENT_TEAM = KQ8J5D3R22;
				ENABLE_PREVIEWS = YES;
				GENERATE_INFOPLIST_FILE = YES;
				INFOPLIST_KEY_UIApplicationSceneManifest_Generation = YES;
				INFOPLIST_KEY_UIApplicationSupportsIndirectInputEvents = YES;
				INFOPLIST_KEY_UILaunchScreen_Generation = YES;
				INFOPLIST_KEY_UISupportedInterfaceOrientations_iPad = "UIInterfaceOrientationPortrait UIInterfaceOrientationPortraitUpsideDown UIInterfaceOrientationLandscapeLeft UIInterfaceOrientationLandscapeRight";
				INFOPLIST_KEY_UISupportedInterfaceOrientations_iPhone = "UIInterfaceOrientationPortrait UIInterfaceOrientationLandscapeLeft UIInterfaceOrientationLandscapeRight";
				IPHONEOS_DEPLOYMENT_TARGET = 15.0;
				LD_RUNPATH_SEARCH_PATHS = (
					"$(inherited)",
					"@executable_path/Frameworks",
				);
				MARKETING_VERSION = 1.0;
				PRODUCT_BUNDLE_IDENTIFIER = com.gregoryw3.NoiseCancellation;
				PRODUCT_NAME = NoiseCancellation;
				SDKROOT = iphoneos;
				SWIFT_EMIT_LOC_STRINGS = YES;
				SWIFT_VERSION = 5.0;
				TARGETED_DEVICE_FAMILY = "1,2";
				VALIDATE_PRODUCT = YES;
			};
			name = Release;
		};
		F3C1AFE027335F1400F113EE /* Debug */ = {
			isa = XCBuildConfiguration;
			buildSettings = {
				ASSETCATALOG_COMPILER_APPICON_NAME = AppIcon;
				ASSETCATALOG_COMPILER_GLOBAL_ACCENT_COLOR_NAME = AccentColor;
				CODE_SIGN_ENTITLEMENTS = macOS/macOS.entitlements;
				CODE_SIGN_STYLE = Automatic;
				COMBINE_HIDPI_IMAGES = YES;
				CURRENT_PROJECT_VERSION = 1;
				DEVELOPMENT_TEAM = KQ8J5D3R22;
				ENABLE_HARDENED_RUNTIME = YES;
				ENABLE_PREVIEWS = YES;
				GENERATE_INFOPLIST_FILE = YES;
				INFOPLIST_KEY_NSHumanReadableCopyright = "";
				LD_RUNPATH_SEARCH_PATHS = (
					"$(inherited)",
					"@executable_path/../Frameworks",
				);
				MACOSX_DEPLOYMENT_TARGET = 12.0;
				MARKETING_VERSION = 1.0;
				PRODUCT_BUNDLE_IDENTIFIER = com.gregoryw3.NoiseCancellation;
				PRODUCT_NAME = NoiseCancellation;
				SDKROOT = macosx;
				SWIFT_EMIT_LOC_STRINGS = YES;
				SWIFT_VERSION = 5.0;
			};
			name = Debug;
		};
		F3C1AFE127335F1400F113EE /* Release */ = {
			isa = XCBuildConfiguration;
			buildSettings = {
				ASSETCATALOG_COMPILER_APPICON_NAME = AppIcon;
				ASSETCATALOG_COMPILER_GLOBAL_ACCENT_COLOR_NAME = AccentColor;
				CODE_SIGN_ENTITLEMENTS = macOS/macOS.entitlements;
				CODE_SIGN_STYLE = Automatic;
				COMBINE_HIDPI_IMAGES = YES;
				CURRENT_PROJECT_VERSION = 1;
				DEVELOPMENT_TEAM = KQ8J5D3R22;
				ENABLE_HARDENED_RUNTIME = YES;
				ENABLE_PREVIEWS = YES;
				GENERATE_INFOPLIST_FILE = YES;
				INFOPLIST_KEY_NSHumanReadableCopyright = "";
				LD_RUNPATH_SEARCH_PATHS = (
					"$(inherited)",
					"@executable_path/../Frameworks",
				);
				MACOSX_DEPLOYMENT_TARGET = 12.0;
				MARKETING_VERSION = 1.0;
				PRODUCT_BUNDLE_IDENTIFIER = com.gregoryw3.NoiseCancellation;
				PRODUCT_NAME = NoiseCancellation;
				SDKROOT = macosx;
				SWIFT_EMIT_LOC_STRINGS = YES;
				SWIFT_VERSION = 5.0;
			};
			name = Release;
		};
		F3C1AFE327335F1400F113EE /* Debug */ = {
			isa = XCBuildConfiguration;
			buildSettings = {
				ALWAYS_EMBED_SWIFT_STANDARD_LIBRARIES = YES;
				CODE_SIGN_STYLE = Automatic;
				CURRENT_PROJECT_VERSION = 1;
				DEVELOPMENT_TEAM = KQ8J5D3R22;
				GENERATE_INFOPLIST_FILE = YES;
				IPHONEOS_DEPLOYMENT_TARGET = 15.0;
				LD_RUNPATH_SEARCH_PATHS = (
					"$(inherited)",
					"@executable_path/Frameworks",
					"@loader_path/Frameworks",
				);
				MARKETING_VERSION = 1.0;
				PRODUCT_BUNDLE_IDENTIFIER = "com.gregoryw3.Tests-iOS";
				PRODUCT_NAME = "$(TARGET_NAME)";
				SDKROOT = iphoneos;
				SWIFT_EMIT_LOC_STRINGS = NO;
				SWIFT_VERSION = 5.0;
				TARGETED_DEVICE_FAMILY = "1,2";
				TEST_TARGET_NAME = "NoiseCancellation (iOS)";
			};
			name = Debug;
		};
		F3C1AFE427335F1400F113EE /* Release */ = {
			isa = XCBuildConfiguration;
			buildSettings = {
				ALWAYS_EMBED_SWIFT_STANDARD_LIBRARIES = YES;
				CODE_SIGN_STYLE = Automatic;
				CURRENT_PROJECT_VERSION = 1;
				DEVELOPMENT_TEAM = KQ8J5D3R22;
				GENERATE_INFOPLIST_FILE = YES;
				IPHONEOS_DEPLOYMENT_TARGET = 15.0;
				LD_RUNPATH_SEARCH_PATHS = (
					"$(inherited)",
					"@executable_path/Frameworks",
					"@loader_path/Frameworks",
				);
				MARKETING_VERSION = 1.0;
				PRODUCT_BUNDLE_IDENTIFIER = "com.gregoryw3.Tests-iOS";
				PRODUCT_NAME = "$(TARGET_NAME)";
				SDKROOT = iphoneos;
				SWIFT_EMIT_LOC_STRINGS = NO;
				SWIFT_VERSION = 5.0;
				TARGETED_DEVICE_FAMILY = "1,2";
				TEST_TARGET_NAME = "NoiseCancellation (iOS)";
				VALIDATE_PRODUCT = YES;
			};
			name = Release;
		};
		F3C1AFE627335F1400F113EE /* Debug */ = {
			isa = XCBuildConfiguration;
			buildSettings = {
				ALWAYS_EMBED_SWIFT_STANDARD_LIBRARIES = YES;
				CODE_SIGN_STYLE = Automatic;
				COMBINE_HIDPI_IMAGES = YES;
				CURRENT_PROJECT_VERSION = 1;
				DEVELOPMENT_TEAM = KQ8J5D3R22;
				GENERATE_INFOPLIST_FILE = YES;
				LD_RUNPATH_SEARCH_PATHS = (
					"$(inherited)",
					"@executable_path/../Frameworks",
					"@loader_path/../Frameworks",
				);
				MACOSX_DEPLOYMENT_TARGET = 12.0;
				MARKETING_VERSION = 1.0;
				PRODUCT_BUNDLE_IDENTIFIER = "com.gregoryw3.Tests-macOS";
				PRODUCT_NAME = "$(TARGET_NAME)";
				SDKROOT = macosx;
				SWIFT_EMIT_LOC_STRINGS = NO;
				SWIFT_VERSION = 5.0;
				TEST_TARGET_NAME = "NoiseCancellation (macOS)";
			};
			name = Debug;
		};
		F3C1AFE727335F1400F113EE /* Release */ = {
			isa = XCBuildConfiguration;
			buildSettings = {
				ALWAYS_EMBED_SWIFT_STANDARD_LIBRARIES = YES;
				CODE_SIGN_STYLE = Automatic;
				COMBINE_HIDPI_IMAGES = YES;
				CURRENT_PROJECT_VERSION = 1;
				DEVELOPMENT_TEAM = KQ8J5D3R22;
				GENERATE_INFOPLIST_FILE = YES;
				LD_RUNPATH_SEARCH_PATHS = (
					"$(inherited)",
					"@executable_path/../Frameworks",
					"@loader_path/../Frameworks",
				);
				MACOSX_DEPLOYMENT_TARGET = 12.0;
				MARKETING_VERSION = 1.0;
				PRODUCT_BUNDLE_IDENTIFIER = "com.gregoryw3.Tests-macOS";
				PRODUCT_NAME = "$(TARGET_NAME)";
				SDKROOT = macosx;
				SWIFT_EMIT_LOC_STRINGS = NO;
				SWIFT_VERSION = 5.0;
				TEST_TARGET_NAME = "NoiseCancellation (macOS)";
			};
			name = Release;
		};
/* End XCBuildConfiguration section */

/* Begin XCConfigurationList section */
		F3C1AFAA27335F1300F113EE /* Build configuration list for PBXProject "NoiseCancellation" */ = {
			isa = XCConfigurationList;
			buildConfigurations = (
				F3C1AFDA27335F1400F113EE /* Debug */,
				F3C1AFDB27335F1400F113EE /* Release */,
			);
			defaultConfigurationIsVisible = 0;
			defaultConfigurationName = Release;
		};
		F3C1AFDC27335F1400F113EE /* Build configuration list for PBXNativeTarget "NoiseCancellation (iOS)" */ = {
			isa = XCConfigurationList;
			buildConfigurations = (
				F3C1AFDD27335F1400F113EE /* Debug */,
				F3C1AFDE27335F1400F113EE /* Release */,
			);
			defaultConfigurationIsVisible = 0;
			defaultConfigurationName = Release;
		};
		F3C1AFDF27335F1400F113EE /* Build configuration list for PBXNativeTarget "NoiseCancellation (macOS)" */ = {
			isa = XCConfigurationList;
			buildConfigurations = (
				F3C1AFE027335F1400F113EE /* Debug */,
				F3C1AFE127335F1400F113EE /* Release */,
			);
			defaultConfigurationIsVisible = 0;
			defaultConfigurationName = Release;
		};
		F3C1AFE227335F1400F113EE /* Build configuration list for PBXNativeTarget "Tests iOS" */ = {
			isa = XCConfigurationList;
			buildConfigurations = (
				F3C1AFE327335F1400F113EE /* Debug */,
				F3C1AFE427335F1400F113EE /* Release */,
			);
			defaultConfigurationIsVisible = 0;
			defaultConfigurationName = Release;
		};
		F3C1AFE527335F1400F113EE /* Build configuration list for PBXNativeTarget "Tests macOS" */ = {
			isa = XCConfigurationList;
			buildConfigurations = (
				F3C1AFE627335F1400F113EE /* Debug */,
				F3C1AFE727335F1400F113EE /* Release */,
			);
			defaultConfigurationIsVisible = 0;
			defaultConfigurationName = Release;
		};
/* End XCConfigurationList section */
	};
	rootObject = F3C1AFA727335F1300F113EE /* Project object */;
}
